
Microsoft Visual Studio Solution File, Format Version 12.00
# Visual Studio Version 16
VisualStudioVersion = 16.0.30128.74
MinimumVisualStudioVersion = 10.0.40219.1
Project("{9A19103F-16F7-4668-BE54-9A1E7A4F7556}") = "Server", "Server\Server.csproj", "{2A6ED771-51D7-4068-BD54-37B2CF3260E0}"
EndProject
Project("{FAE04EC0-301F-11D3-BF4B-00C04F79EFBC}") = "ServerCore", "ServerCore\ServerCore.csproj", "{3E1790BB-029D-4467-98C8-10396BCBF579}"
EndProject
Project("{FAE04EC0-301F-11D3-BF4B-00C04F79EFBC}") = "DummyClient", "DummyClient\DummyClient.csproj", "{9E255235-CEAB-41E7-9D06-C9ACC48C569E}"
EndProject
Global
	GlobalSection(SolutionConfigurationPlatforms) = preSolution
		Debug|Any CPU = Debug|Any CPU
		Release|Any CPU = Release|Any CPU
	EndGlobalSection
	GlobalSection(ProjectConfigurationPlatforms) = postSolution
		{2A6ED771-51D7-4068-BD54-37B2CF3260E0}.Debug|Any CPU.ActiveCfg = Debug|Any CPU
		{2A6ED771-51D7-4068-BD54-37B2CF3260E0}.Debug|Any CPU.Build.0 = Debug|Any CPU
		{2A6ED771-51D7-4068-BD54-37B2CF3260E0}.Release|Any CPU.ActiveCfg = Release|Any CPU
		{2A6ED771-51D7-4068-BD54-37B2CF3260E0}.Release|Any CPU.Build.0 = Release|Any CPU
		{3E1790BB-029D-4467-98C8-10396BCBF579}.Debug|Any CPU.ActiveCfg = Debug|Any CPU
		{3E1790BB-029D-4467-98C8-10396BCBF579}.Debug|Any CPU.Build.0 = Debug|Any CPU
		{3E1790BB-029D-4467-98C8-10396BCBF579}.Release|Any CPU.ActiveCfg = Release|Any CPU
		{3E1790BB-029D-4467-98C8-10396BCBF579}.Release|Any CPU.Build.0 = Release|Any CPU
		{9E255235-CEAB-41E7-9D06-C9ACC48C569E}.Debug|Any CPU.ActiveCfg = Debug|Any CPU
		{9E255235-CEAB-41E7-9D06-C9ACC48C569E}.Debug|Any CPU.Build.0 = Debug|Any CPU
		{9E255235-CEAB-41E7-9D06-C9ACC48C569E}.Release|Any CPU.ActiveCfg = Release|Any CPU
		{9E255235-CEAB-41E7-9D06-C9ACC48C569E}.Release|Any CPU.Build.0 = Release|Any CPU
	EndGlobalSection
	GlobalSection(SolutionProperties) = preSolution
		HideSolutionNode = FALSE
	EndGlobalSection
	GlobalSection(ExtensibilityGlobals) = postSolution
		SolutionGuid = {5ECDCA49-D565-484D-AC31-CB4D876B20BD}
	EndGlobalSection
EndGlobal
